{
    "name": "node-docker",
    "version": "1.0.0",
    "lockfileVersion": 1,
    "requires": true,
    "dependencies": {
        "colors": {
            "version": "1.3.2",
            "resolved": "https://registry.npmjs.org/colors/-/colors-1.3.2.tgz",
            "integrity": "sha512-rhP0JSBGYvpcNQj4s5AdShMeE5ahMop96cTeDl/v9qQQm2fYClE2QXZRi8wLzc+GmXSxdIqqbOIAhyObEXDbfQ=="
        },
        "commander": {
            "version": "2.17.1",
            "resolved": "https://registry.npmjs.org/commander/-/commander-2.17.1.tgz",
            "integrity": "sha512-wPMUt6FnH2yzG95SA6mzjQOEKUU3aLaDEmzs1ti+1E9h+CsrZghRlqEM/EJ4KscsQVG8uNN4uVreUeT8+drlgg=="
        },
        "csv": {
            "version": "3.1.0",
            "resolved": "https://registry.npmjs.org/csv/-/csv-3.1.0.tgz",
            "integrity": "sha512-SfnePMkhjljB7ehvubZESGjgrnM7V/gBe5ubZWKxeKwgmTl/HtVCdfSaGRgH/i/vG7qJaSLMpP0krNbAuunRBg==",
            "requires": {
                "csv-generate": "2.1.0",
                "csv-parse": "2.5.0",
                "csv-stringify": "3.1.1",
                "stream-transform": "1.0.2"
            }
        },
        "csv-generate": {
            "version": "2.1.0",
            "resolved": "https://registry.npmjs.org/csv-generate/-/csv-generate-2.1.0.tgz",
            "integrity": "sha512-avXXdQMta14DhePrX3yvzJHV5VEAhJQwBCwgqcZE7xyNTYGpxcUxmYvOSKQw+CisAjdpfn6/ZUNEJa2W6jDzNg=="
        },
        "csv-parse": {
            "version": "2.5.0",
            "resolved": "https://registry.npmjs.org/csv-parse/-/csv-parse-2.5.0.tgz",
            "integrity": "sha512-4OcjOJQByI0YDU5COYw9HAqjo8/MOLLmT9EKyMCXUzgvh30vS1SlMK+Ho84IH5exN44cSnrYecw/7Zpu2m4lkA=="
        },
        "csv-stringify": {
            "version": "3.1.1",
            "resolved": "https://registry.npmjs.org/csv-stringify/-/csv-stringify-3.1.1.tgz",
            "integrity": "sha512-Ni9r/BdQM2cGnWzwAP09zp12LVOAMHLJ86azNHGC7s4OUo2WidGfcM3QwYEjD8c4ELCL/a4AzfIsVCzroeys+g==",
            "requires": {
                "lodash.get": "4.4.2"
            }
        },
        "csvdata": {
            "version": "1.7.0",
            "resolved": "https://registry.npmjs.org/csvdata/-/csvdata-1.7.0.tgz",
            "integrity": "sha512-YLj4RVN0pKzMj0AWHMZNcbXFTyU2toFXXptQxXtXiLEVtHEvirwIUk8hKQWKOKMXyG5Kifz/nJysPPiDwM/S0w==",
            "requires": {
                "colors": "1.3.2",
                "commander": "2.17.1",
                "csv": "3.1.0",
                "firstline": "2.0.2",
                "js-promisify": "1.3.1",
                "through": "2.3.8"
            }
        },
        "firstline": {
            "version": "2.0.2",
            "resolved": "https://registry.npmjs.org/firstline/-/firstline-2.0.2.tgz",
            "integrity": "sha512-8KcmfI0jgSECnzdhucm0i7vrwef3BWwgjimW2YkRC5eSFwjb5DibVoA0YvgkYwwxuJi9c+7M7X3b3lX8o9B6wg=="
        },
        "js-promisify": {
            "version": "1.3.1",
            "resolved": "https://registry.npmjs.org/js-promisify/-/js-promisify-1.3.1.tgz",
            "integrity": "sha512-J3jIs6B4jSyRV5UyFqicCal90d/7JR0kzhlfxNF+//XIlIroPtl96xOVBF+1WG1SGN2QP53fjgi6b6xT4TIflg=="
        },
        "lodash.get": {
            "version": "4.4.2",
            "resolved": "https://registry.npmjs.org/lodash.get/-/lodash.get-4.4.2.tgz",
            "integrity": "sha1-LRd/ZS+jHpObRDjVNBSZ36OCXpk="
        },
        "stream-transform": {
            "version": "1.0.2",
            "resolved": "https://registry.npmjs.org/stream-transform/-/stream-transform-1.0.2.tgz",
            "integrity": "sha512-LNcZSF01PZ+bM0OqwPY7UHPiKoxSmLGHAcqakvh01DCU98ONEslLORdyBPdmTqjTpZSfCiaYLV4sci9y5M47oA=="
        },
        "through": {
            "version": "2.3.8",
            "resolved": "https://registry.npmjs.org/through/-/through-2.3.8.tgz",
            "integrity": "sha1-DdTJ/6q8NXlgsbckEV1+Doai4fU="
        }
    }
}
